
Microsoft Visual Studio Solution File, Format Version 12.00
# Visual Studio Version 17
VisualStudioVersion = 17.10.35013.160
MinimumVisualStudioVersion = 10.0.40219.1
Project("{9A19103F-16F7-4668-BE54-9A1E7A4F7556}") = "CommunityEventPlanner.Domain", "CommunityEventPlanner.Domain\CommunityEventPlanner.Domain.csproj", "{0ECE684C-9836-4371-80C6-234666F7935E}"
EndProject
Project("{9A19103F-16F7-4668-BE54-9A1E7A4F7556}") = "CommunityEventPlanner.Application", "CommunityEventPlanner.Application\CommunityEventPlanner.Application.csproj", "{D0924BA4-C8FE-4FCD-9933-9C264DF86AE4}"
EndProject
Project("{9A19103F-16F7-4668-BE54-9A1E7A4F7556}") = "CommunityEventPlanner.Infrastructure", "CommunityEventPlanner.Infrastructure\CommunityEventPlanner.Infrastructure.csproj", "{EBD1259F-250F-4C23-A538-69F147106884}"
EndProject
Project("{9A19103F-16F7-4668-BE54-9A1E7A4F7556}") = "CommunityEventPlanner.API", "CommunityEventPlanner.API\CommunityEventPlanner.API.csproj", "{906EC812-D2F1-442F-9BB6-A2BB41DF521A}"
EndProject
Project("{9A19103F-16F7-4668-BE54-9A1E7A4F7556}") = "CommunityEventPlanner.Client", "CommunityEventPlanner.WasmClient\CommunityEventPlanner.Client.csproj", "{456AFC82-56A8-4662-96F3-C311A224D9EB}"
EndProject
Project("{9A19103F-16F7-4668-BE54-9A1E7A4F7556}") = "CommunityEventPlanner.UnitTests", "CommunityEventPlanner.UnitTests\CommunityEventPlanner.UnitTests.csproj", "{46DED9AA-0F2F-4079-9ADF-7B704B54F577}"
EndProject
Project("{9A19103F-16F7-4668-BE54-9A1E7A4F7556}") = "CommunityEventPlanner.IntegrationTests", "CommunityEventPlanner.IntegrationTests\CommunityEventPlanner.IntegrationTests.csproj", "{D55E1EB0-B4F4-4D5A-ADFD-70E61048F85F}"
EndProject
Global
	GlobalSection(SolutionConfigurationPlatforms) = preSolution
		Debug|Any CPU = Debug|Any CPU
		Release|Any CPU = Release|Any CPU
	EndGlobalSection
	GlobalSection(ProjectConfigurationPlatforms) = postSolution
		{0ECE684C-9836-4371-80C6-234666F7935E}.Debug|Any CPU.ActiveCfg = Debug|Any CPU
		{0ECE684C-9836-4371-80C6-234666F7935E}.Debug|Any CPU.Build.0 = Debug|Any CPU
		{0ECE684C-9836-4371-80C6-234666F7935E}.Release|Any CPU.ActiveCfg = Release|Any CPU
		{0ECE684C-9836-4371-80C6-234666F7935E}.Release|Any CPU.Build.0 = Release|Any CPU
		{D0924BA4-C8FE-4FCD-9933-9C264DF86AE4}.Debug|Any CPU.ActiveCfg = Debug|Any CPU
		{D0924BA4-C8FE-4FCD-9933-9C264DF86AE4}.Debug|Any CPU.Build.0 = Debug|Any CPU
		{D0924BA4-C8FE-4FCD-9933-9C264DF86AE4}.Release|Any CPU.ActiveCfg = Release|Any CPU
		{D0924BA4-C8FE-4FCD-9933-9C264DF86AE4}.Release|Any CPU.Build.0 = Release|Any CPU
		{EBD1259F-250F-4C23-A538-69F147106884}.Debug|Any CPU.ActiveCfg = Debug|Any CPU
		{EBD1259F-250F-4C23-A538-69F147106884}.Debug|Any CPU.Build.0 = Debug|Any CPU
		{EBD1259F-250F-4C23-A538-69F147106884}.Release|Any CPU.ActiveCfg = Release|Any CPU
		{EBD1259F-250F-4C23-A538-69F147106884}.Release|Any CPU.Build.0 = Release|Any CPU
		{906EC812-D2F1-442F-9BB6-A2BB41DF521A}.Debug|Any CPU.ActiveCfg = Debug|Any CPU
		{906EC812-D2F1-442F-9BB6-A2BB41DF521A}.Debug|Any CPU.Build.0 = Debug|Any CPU
		{906EC812-D2F1-442F-9BB6-A2BB41DF521A}.Release|Any CPU.ActiveCfg = Release|Any CPU
		{906EC812-D2F1-442F-9BB6-A2BB41DF521A}.Release|Any CPU.Build.0 = Release|Any CPU
		{456AFC82-56A8-4662-96F3-C311A224D9EB}.Debug|Any CPU.ActiveCfg = Debug|Any CPU
		{456AFC82-56A8-4662-96F3-C311A224D9EB}.Debug|Any CPU.Build.0 = Debug|Any CPU
		{456AFC82-56A8-4662-96F3-C311A224D9EB}.Release|Any CPU.ActiveCfg = Release|Any CPU
		{456AFC82-56A8-4662-96F3-C311A224D9EB}.Release|Any CPU.Build.0 = Release|Any CPU
		{46DED9AA-0F2F-4079-9ADF-7B704B54F577}.Debug|Any CPU.ActiveCfg = Debug|Any CPU
		{46DED9AA-0F2F-4079-9ADF-7B704B54F577}.Debug|Any CPU.Build.0 = Debug|Any CPU
		{46DED9AA-0F2F-4079-9ADF-7B704B54F577}.Release|Any CPU.ActiveCfg = Release|Any CPU
		{46DED9AA-0F2F-4079-9ADF-7B704B54F577}.Release|Any CPU.Build.0 = Release|Any CPU
		{D55E1EB0-B4F4-4D5A-ADFD-70E61048F85F}.Debug|Any CPU.ActiveCfg = Debug|Any CPU
		{D55E1EB0-B4F4-4D5A-ADFD-70E61048F85F}.Debug|Any CPU.Build.0 = Debug|Any CPU
		{D55E1EB0-B4F4-4D5A-ADFD-70E61048F85F}.Release|Any CPU.ActiveCfg = Release|Any CPU
		{D55E1EB0-B4F4-4D5A-ADFD-70E61048F85F}.Release|Any CPU.Build.0 = Release|Any CPU
	EndGlobalSection
	GlobalSection(SolutionProperties) = preSolution
		HideSolutionNode = FALSE
	EndGlobalSection
	GlobalSection(ExtensibilityGlobals) = postSolution
		SolutionGuid = {E3D6ED69-A74A-4CD9-9853-9BFB8B2D0E29}
	EndGlobalSection
EndGlobal
